
Microsoft Visual Studio Solution File, Format Version 12.00
# Visual Studio 2017
Project("{FAE04EC0-301F-11D3-BF4B-00C04F79EFBC}") = "Apple Picker Prototype", "Apple Picker Prototype.csproj", "{E171072E-C84F-A29A-F4AC-7258A2EF3228}"
EndProject
Global
	GlobalSection(SolutionConfigurationPlatforms) = preSolution
		Debug|Any CPU = Debug|Any CPU
		Release|Any CPU = Release|Any CPU
	EndGlobalSection
	GlobalSection(ProjectConfigurationPlatforms) = postSolution
		{E171072E-C84F-A29A-F4AC-7258A2EF3228}.Debug|Any CPU.ActiveCfg = Debug|Any CPU
		{E171072E-C84F-A29A-F4AC-7258A2EF3228}.Debug|Any CPU.Build.0 = Debug|Any CPU
		{E171072E-C84F-A29A-F4AC-7258A2EF3228}.Release|Any CPU.ActiveCfg = Release|Any CPU
		{E171072E-C84F-A29A-F4AC-7258A2EF3228}.Release|Any CPU.Build.0 = Release|Any CPU
	EndGlobalSection
	GlobalSection(SolutionProperties) = preSolution
		HideSolutionNode = FALSE
	EndGlobalSection
EndGlobal
